{
  "name": "select-usability",
  "version": "0.0.1",
  "lockfileVersion": 1,
  "requires": true,
  "dependencies": {
    "@stencil/core": {
      "version": "3.2.1",
      "resolved": "https://registry.npmjs.org/@stencil/core/-/core-3.2.1.tgz",
      "integrity": "sha512-Ybm4NteQBScLq3H0JML/uqo4nWjNpZw1HAAURtR5LlRm7ptzNKO5S8EnHp3m05/uyTzeh9yLpUFHY7bxGNdYLg==",
      "dev": true
    }
  }
}
