{
  "name": "select-usability",
  "version": "0.0.1",
  "lockfileVersion": 1,
  "requires": true,
  "dependencies": {
    "@stencil/core": {
      "version": "4.0.1",
      "resolved": "https://registry.npmjs.org/@stencil/core/-/core-4.0.1.tgz",
      "integrity": "sha512-7kWwh4HKuSBSRG9iKjxMzfvBK0O16/XeJtUavYBDEptkndufJjeym2x5JYnW0wKULxBGaVBFdrPyd1bTvthrlg==",
      "dev": true
    }
  }
}
